
Microsoft Visual Studio Solution File, Format Version 12.00
Project("{2150E333-8FDC-42A3-9474-1A3956D46DE8}") = "src", "src", "{990698FB-083F-446E-96C5-DED58E337E4D}"
EndProject
Project("{2150E333-8FDC-42A3-9474-1A3956D46DE8}") = "core", "core", "{6C5E6BE7-5E29-47BD-9FCE-04D9C90A7338}"
EndProject
Project("{FAE04EC0-301F-11D3-BF4B-00C04F79EFBC}") = "Application", "Application\Application.csproj", "{15B2E7A7-3AD8-4B58-BE75-B2F3ED2FD77E}"
EndProject
Project("{FAE04EC0-301F-11D3-BF4B-00C04F79EFBC}") = "Domain", "Domain\Domain.csproj", "{F2B107DA-FD36-42EC-B716-AD992EB89503}"
EndProject
Project("{FAE04EC0-301F-11D3-BF4B-00C04F79EFBC}") = "Infrastructure", "Infrastructure\Infrastructure.csproj", "{4726C6A6-F6F3-4801-BBE4-82A889152C11}"
EndProject
Project("{FAE04EC0-301F-11D3-BF4B-00C04F79EFBC}") = "WebApi", "WebApi\WebApi.csproj", "{147B7189-1242-45A3-A1A3-6DB3A9118EA0}"
EndProject
Global
	GlobalSection(SolutionConfigurationPlatforms) = preSolution
		Debug|Any CPU = Debug|Any CPU
		Release|Any CPU = Release|Any CPU
	EndGlobalSection
	GlobalSection(NestedProjects) = preSolution
		{6C5E6BE7-5E29-47BD-9FCE-04D9C90A7338} = {990698FB-083F-446E-96C5-DED58E337E4D}
		{15B2E7A7-3AD8-4B58-BE75-B2F3ED2FD77E} = {6C5E6BE7-5E29-47BD-9FCE-04D9C90A7338}
		{F2B107DA-FD36-42EC-B716-AD992EB89503} = {6C5E6BE7-5E29-47BD-9FCE-04D9C90A7338}
		{4726C6A6-F6F3-4801-BBE4-82A889152C11} = {990698FB-083F-446E-96C5-DED58E337E4D}
		{147B7189-1242-45A3-A1A3-6DB3A9118EA0} = {990698FB-083F-446E-96C5-DED58E337E4D}
	EndGlobalSection
	GlobalSection(ProjectConfigurationPlatforms) = postSolution
		{15B2E7A7-3AD8-4B58-BE75-B2F3ED2FD77E}.Debug|Any CPU.ActiveCfg = Debug|Any CPU
		{15B2E7A7-3AD8-4B58-BE75-B2F3ED2FD77E}.Debug|Any CPU.Build.0 = Debug|Any CPU
		{15B2E7A7-3AD8-4B58-BE75-B2F3ED2FD77E}.Release|Any CPU.ActiveCfg = Release|Any CPU
		{15B2E7A7-3AD8-4B58-BE75-B2F3ED2FD77E}.Release|Any CPU.Build.0 = Release|Any CPU
		{F2B107DA-FD36-42EC-B716-AD992EB89503}.Debug|Any CPU.ActiveCfg = Debug|Any CPU
		{F2B107DA-FD36-42EC-B716-AD992EB89503}.Debug|Any CPU.Build.0 = Debug|Any CPU
		{F2B107DA-FD36-42EC-B716-AD992EB89503}.Release|Any CPU.ActiveCfg = Release|Any CPU
		{F2B107DA-FD36-42EC-B716-AD992EB89503}.Release|Any CPU.Build.0 = Release|Any CPU
		{4726C6A6-F6F3-4801-BBE4-82A889152C11}.Debug|Any CPU.ActiveCfg = Debug|Any CPU
		{4726C6A6-F6F3-4801-BBE4-82A889152C11}.Debug|Any CPU.Build.0 = Debug|Any CPU
		{4726C6A6-F6F3-4801-BBE4-82A889152C11}.Release|Any CPU.ActiveCfg = Release|Any CPU
		{4726C6A6-F6F3-4801-BBE4-82A889152C11}.Release|Any CPU.Build.0 = Release|Any CPU
		{147B7189-1242-45A3-A1A3-6DB3A9118EA0}.Debug|Any CPU.ActiveCfg = Debug|Any CPU
		{147B7189-1242-45A3-A1A3-6DB3A9118EA0}.Debug|Any CPU.Build.0 = Debug|Any CPU
		{147B7189-1242-45A3-A1A3-6DB3A9118EA0}.Release|Any CPU.ActiveCfg = Release|Any CPU
		{147B7189-1242-45A3-A1A3-6DB3A9118EA0}.Release|Any CPU.Build.0 = Release|Any CPU
	EndGlobalSection
EndGlobal
